
Microsoft Visual Studio Solution File, Format Version 12.00
# Visual Studio Version 16
VisualStudioVersion = 16.0.30717.126
MinimumVisualStudioVersion = 10.0.40219.1
Project("{FAE04EC0-301F-11D3-BF4B-00C04F79EFBC}") = "MethodesAgile", "MethodesAgile\MethodesAgile.csproj", "{FF57F946-FBD1-486E-A6D7-9ABB35281026}"
EndProject
Global
	GlobalSection(SolutionConfigurationPlatforms) = preSolution
		Debug|Any CPU = Debug|Any CPU
		Release|Any CPU = Release|Any CPU
	EndGlobalSection
	GlobalSection(ProjectConfigurationPlatforms) = postSolution
		{FF57F946-FBD1-486E-A6D7-9ABB35281026}.Debug|Any CPU.ActiveCfg = Debug|Any CPU
		{FF57F946-FBD1-486E-A6D7-9ABB35281026}.Debug|Any CPU.Build.0 = Debug|Any CPU
		{FF57F946-FBD1-486E-A6D7-9ABB35281026}.Release|Any CPU.ActiveCfg = Release|Any CPU
		{FF57F946-FBD1-486E-A6D7-9ABB35281026}.Release|Any CPU.Build.0 = Release|Any CPU
	EndGlobalSection
	GlobalSection(SolutionProperties) = preSolution
		HideSolutionNode = FALSE
	EndGlobalSection
	GlobalSection(ExtensibilityGlobals) = postSolution
		SolutionGuid = {B0452199-D995-4711-9009-DED20EB5FFF1}
	EndGlobalSection
EndGlobal
